<?xml version="1.0" encoding="utf-8"?>
<Project ToolsVersion="4.0" xmlns="http://schemas.microsoft.com/developer/msbuild/2003">
  <ItemGroup>
    <Filter Include="Source Files">
      <UniqueIdentifier>{4FC737F1-C7A5-4376-A066-2A32D752A2FF}</UniqueIdentifier>
      <Extensions>cpp;c;cc;cxx;def;odl;idl;hpj;bat;asm;asmx</Extensions>
    </Filter>
    <Filter Include="Header Files">
      <UniqueIdentifier>{93995380-89BD-4b04-88EB-625FBE52EBFB}</UniqueIdentifier>
      <Extensions>h;hh;hpp;hxx;hm;inl;inc;ipp;xsd</Extensions>
    </Filter>
    <Filter Include="Resource Files">
      <UniqueIdentifier>{67DA6AB6-F800-4c08-8B7A-83BB121AAD01}</UniqueIdentifier>
      <Extensions>rc;ico;cur;bmp;dlg;rc2;rct;bin;rgs;gif;jpg;jpeg;jpe;resx;tiff;tif;png;wav;mfcribbon-ms</Extensions>
    </Filter>
  </ItemGroup>
  <ItemGroup>
    <ClInclude Include="entities\Snake.h">
      <Filter>Header Files</Filter>
    </ClInclude>
    <ClInclude Include="entities\Food.h">
      <Filter>Header Files</Filter>
    </ClInclude>
    <ClInclude Include="entities\Entity.h">
      <Filter>Header Files</Filter>
    </ClInclude>
    <ClInclude Include="game_defs.h">
      <Filter>Header Files</Filter>
    </ClInclude>
    <ClInclude Include="entities\StaticEntity.h">
      <Filter>Header Files</Filter>
    </ClInclude>
    <ClInclude Include="Game.h">
      <Filter>Header Files</Filter>
    </ClInclude>
    <ClInclude Include="views\GameOverView.h">
      <Filter>Header Files</Filter>
    </ClInclude>
    <ClInclude Include="utils\vec_utils.h">
      <Filter>Header Files</Filter>
    </ClInclude>
    <ClInclude Include="views\IGameView.h">
      <Filter>Header Files</Filter>
    </ClInclude>
    <ClInclude Include="views\MenuView.h">
      <Filter>Header Files</Filter>
    </ClInclude>
    <ClInclude Include="views\MainMenuView.h">
      <Filter>Header Files</Filter>
    </ClInclude>
    <ClInclude Include="app_errors.h">
      <Filter>Header Files</Filter>
    </ClInclude>
    <ClInclude Include="views\menus\menu_items\MenuItem.h">
      <Filter>Header Files</Filter>
    </ClInclude>
    <ClInclude Include="views\menus\GameOverMenu.h">
      <Filter>Header Files</Filter>
    </ClInclude>
    <ClInclude Include="views\menus\MainMenu.h">
      <Filter>Header Files</Filter>
    </ClInclude>
    <ClInclude Include="views\menus\Menu.h">
      <Filter>Header Files</Filter>
    </ClInclude>
    <ClInclude Include="views\menus\menu_items\ExitGameMenuItem.h">
      <Filter>Header Files</Filter>
    </ClInclude>
    <ClInclude Include="views\menus\menu_items\StartGameMenuItem.h">
      <Filter>Header Files</Filter>
    </ClInclude>
    <ClInclude Include="views\widgets\TextWidget.h">
      <Filter>Header Files</Filter>
    </ClInclude>
    <ClInclude Include="utils\random.h">
      <Filter>Header Files</Filter>
    </ClInclude>
  </ItemGroup>
  <ItemGroup>
    <ClCompile Include="main.cpp">
      <Filter>Source Files</Filter>
    </ClCompile>
    <ClCompile Include="entities\Snake.cpp">
      <Filter>Source Files</Filter>
    </ClCompile>
    <ClCompile Include="entities\Food.cpp">
      <Filter>Source Files</Filter>
    </ClCompile>
    <ClCompile Include="entities\Entity.cpp">
      <Filter>Source Files</Filter>
    </ClCompile>
    <ClCompile Include="entities\StaticEntity.cpp">
      <Filter>Source Files</Filter>
    </ClCompile>
    <ClCompile Include="Game.cpp">
      <Filter>Source Files</Filter>
    </ClCompile>
    <ClCompile Include="views\GameOverView.cpp">
      <Filter>Source Files</Filter>
    </ClCompile>
    <ClCompile Include="views\IGameView.cpp">
      <Filter>Source Files</Filter>
    </ClCompile>
    <ClCompile Include="views\MenuView.cpp">
      <Filter>Source Files</Filter>
    </ClCompile>
    <ClCompile Include="views\MainMenuView.cpp">
      <Filter>Source Files</Filter>
    </ClCompile>
    <ClCompile Include="views\menus\menu_items\MenuItem.cpp">
      <Filter>Source Files</Filter>
    </ClCompile>
    <ClCompile Include="views\menus\GameOverMenu.cpp">
      <Filter>Source Files</Filter>
    </ClCompile>
    <ClCompile Include="views\menus\MainMenu.cpp">
      <Filter>Source Files</Filter>
    </ClCompile>
    <ClCompile Include="views\menus\Menu.cpp">
      <Filter>Source Files</Filter>
    </ClCompile>
    <ClCompile Include="views\menus\menu_items\ExitGameMenuItem.cpp">
      <Filter>Source Files</Filter>
    </ClCompile>
    <ClCompile Include="views\menus\menu_items\StartGameMenuItem.cpp">
      <Filter>Source Files</Filter>
    </ClCompile>
    <ClCompile Include="views\widgets\TextWidget.cpp">
      <Filter>Source Files</Filter>
    </ClCompile>
  </ItemGroup>
  <ItemGroup>
    <Text Include="resources\fonts\pixel\Font License.txt" />
  </ItemGroup>
  <ItemGroup>
    <Font Include="resources\fonts\pixel\Pixel Coleco.otf" />
    <Font Include="resources\fonts\pixel\Pixel Gosub.otf" />
    <Font Include="resources\fonts\pixel\Pixel ModeX.otf" />
    <Font Include="resources\fonts\pixel\Pixel NES.otf" />
    <Font Include="resources\fonts\pixel\Pixel Tandy.otf" />
  </ItemGroup>
</Project>